// !$*UTF8*$!
{
	archiveVersion = 1;
	classes = {
	};
	objectVersion = 46;
	objects = {

/* Begin PBXBuildFile section */
		EE6EEA301D679CDB00D80EF8 /* main.cpp in Sources */ = {isa = PBXBuildFile; fileRef = EE6EEA2F1D679CDB00D80EF8 /* main.cpp */; };
/* End PBXBuildFile section */

/* Begin PBXCopyFilesBuildPhase section */
		EE6EEA2A1D679CDB00D80EF8 /* CopyFiles */ = {
			isa = PBXCopyFilesBuildPhase;
			buildActionMask = 2147483647;
			dstPath = /usr/share/man/man1/;
			dstSubfolderSpec = 0;
			files = (
			);
			runOnlyForDeploymentPostprocessing = 1;
		};
/* End PBXCopyFilesBuildPhase section */

/* Begin PBXFileReference section */
		EE6EEA2C1D679CDB00D80EF8 /* TemplateMetaprogramming */ = {isa = PBXFileReference; explicitFileType = "compiled.mach-o.executable"; includeInIndex = 0; path = TemplateMetaprogramming; sourceTree = BUILT_PRODUCTS_DIR; };
		EE6EEA2F1D679CDB00D80EF8 /* main.cpp */ = {isa = PBXFileReference; lastKnownFileType = sourcecode.cpp.cpp; path = main.cpp; sourceTree = "<group>"; };
/* End PBXFileReference section */

/* Begin PBXFrameworksBuildPhase section */
		EE6EEA291D679CDB00D80EF8 /* Frameworks */ = {
			isa = PBXFrameworksBuildPhase;
			buildActionMask = 2147483647;
			files = (
			);
			runOnlyForDeploymentPostprocessing = 0;
		};
/* End PBXFrameworksBuildPhase section */

/* Begin PBXGroup section */
		EE6EEA231D679CDB00D80EF8 = {
			isa = PBXGroup;
			children = (
				EE6EEA2E1D679CDB00D80EF8 /* TemplateMetaprogramming */,
				EE6EEA2D1D679CDB00D80EF8 /* Products */,
			);
			sourceTree = "<group>";
		};
		EE6EEA2D1D679CDB00D80EF8 /* Products */ = {
			isa = PBXGroup;
			children = (
				EE6EEA2C1D679CDB00D80EF8 /* TemplateMetaprogramming */,
			);
			name = Products;
			sourceTree = "<group>";
		};
		EE6EEA2E1D679CDB00D80EF8 /* TemplateMetaprogramming */ = {
			isa = PBXGroup;
			children = (
				EE6EEA2F1D679CDB00D80EF8 /* main.cpp */,
			);
			path = TemplateMetaprogramming;
			sourceTree = "<group>";
		};
/* End PBXGroup section */

/* Begin PBXNativeTarget section */
		EE6EEA2B1D679CDB00D80EF8 /* TemplateMetaprogramming */ = {
			isa = PBXNativeTarget;
			buildConfigurationList = EE6EEA331D679CDB00D80EF8 /* Build configuration list for PBXNativeTarget "TemplateMetaprogramming" */;
			buildPhases = (
				EE6EEA281D679CDB00D80EF8 /* Sources */,
				EE6EEA291D679CDB00D80EF8 /* Frameworks */,
				EE6EEA2A1D679CDB00D80EF8 /* CopyFiles */,
			);
			buildRules = (
			);
			dependencies = (
			);
			name = TemplateMetaprogramming;
			productName = TemplateMetaprogramming;
			productReference = EE6EEA2C1D679CDB00D80EF8 /* TemplateMetaprogramming */;
			productType = "com.apple.product-type.tool";
		};
/* End PBXNativeTarget section */

/* Begin PBXProject section */
		EE6EEA241D679CDB00D80EF8 /* Project object */ = {
			isa = PBXProject;
			attributes = {
				LastUpgradeCheck = 0730;
				ORGANIZATIONNAME = "Juan Dent";
				TargetAttributes = {
					EE6EEA2B1D679CDB00D80EF8 = {
						CreatedOnToolsVersion = 7.3.1;
					};
				};
			};
			buildConfigurationList = EE6EEA271D679CDB00D80EF8 /* Build configuration list for PBXProject "TemplateMetaprogramming" */;
			compatibilityVersion = "Xcode 3.2";
			developmentRegion = English;
			hasScannedForEncodings = 0;
			knownRegions = (
				en,
			);
			mainGroup = EE6EEA231D679CDB00D80EF8;
			productRefGroup = EE6EEA2D1D679CDB00D80EF8 /* Products */;
			projectDirPath = "";
			projectRoot = "";
			targets = (
				EE6EEA2B1D679CDB00D80EF8 /* TemplateMetaprogramming */,
			);
		};
/* End PBXProject section */

/* Begin PBXSourcesBuildPhase section */
		EE6EEA281D679CDB00D80EF8 /* Sources */ = {
			isa = PBXSourcesBuildPhase;
			buildActionMask = 2147483647;
			files = (
				EE6EEA301D679CDB00D80EF8 /* main.cpp in Sources */,
			);
			runOnlyForDeploymentPostprocessing = 0;
		};
/* End PBXSourcesBuildPhase section */

/* Begin XCBuildConfiguration section */
		EE6EEA311D679CDB00D80EF8 /* Debug */ = {
			isa = XCBuildConfiguration;
			buildSettings = {
				ALWAYS_SEARCH_USER_PATHS = NO;
				CLANG_ANALYZER_NONNULL = YES;
				CLANG_CXX_LANGUAGE_STANDARD = "gnu++0x";
				CLANG_CXX_LIBRARY = "libc++";
				CLANG_ENABLE_MODULES = YES;
				CLANG_ENABLE_OBJC_ARC = YES;
				CLANG_WARN_BOOL_CONVERSION = YES;
				CLANG_WARN_CONSTANT_CONVERSION = YES;
				CLANG_WARN_DIRECT_OBJC_ISA_USAGE = YES_ERROR;
				CLANG_WARN_EMPTY_BODY = YES;
				CLANG_WARN_ENUM_CONVERSION = YES;
				CLANG_WARN_INT_CONVERSION = YES;
				CLANG_WARN_OBJC_ROOT_CLASS = YES_ERROR;
				CLANG_WARN_UNREACHABLE_CODE = YES;
				CLANG_WARN__DUPLICATE_METHOD_MATCH = YES;
				CODE_SIGN_IDENTITY = "-";
				COPY_PHASE_STRIP = NO;
				DEBUG_INFORMATION_FORMAT = dwarf;
				ENABLE_STRICT_OBJC_MSGSEND = YES;
				ENABLE_TESTABILITY = YES;
				GCC_C_LANGUAGE_STANDARD = gnu99;
				GCC_DYNAMIC_NO_PIC = NO;
				GCC_NO_COMMON_BLOCKS = YES;
				GCC_OPTIMIZATION_LEVEL = 0;
				GCC_PREPROCESSOR_DEFINITIONS = (
					"DEBUG=1",
					"$(inherited)",
				);
				GCC_WARN_64_TO_32_BIT_CONVERSION = YES;
				GCC_WARN_ABOUT_RETURN_TYPE = YES_ERROR;
				GCC_WARN_UNDECLARED_SELECTOR = YES;
				GCC_WARN_UNINITIALIZED_AUTOS = YES_AGGRESSIVE;
				GCC_WARN_UNUSED_FUNCTION = YES;
				GCC_WARN_UNUSED_VARIABLE = YES;
				MACOSX_DEPLOYMENT_TARGET = 10.11;
				MTL_ENABLE_DEBUG_INFO = YES;
				ONLY_ACTIVE_ARCH = YES;
				SDKROOT = macosx;
			};
			name = Debug;
		};
		EE6EEA321D679CDB00D80EF8 /* Release */ = {
			isa = XCBuildConfiguration;
			buildSettings = {
				ALWAYS_SEARCH_USER_PATHS = NO;
				CLANG_ANALYZER_NONNULL = YES;
				CLANG_CXX_LANGUAGE_STANDARD = "gnu++0x";
				CLANG_CXX_LIBRARY = "libc++";
				CLANG_ENABLE_MODULES = YES;
				CLANG_ENABLE_OBJC_ARC = YES;
				CLANG_WARN_BOOL_CONVERSION = YES;
				CLANG_WARN_CONSTANT_CONVERSION = YES;
				CLANG_WARN_DIRECT_OBJC_ISA_USAGE = YES_ERROR;
				CLANG_WARN_EMPTY_BODY = YES;
				CLANG_WARN_ENUM_CONVERSION = YES;
				CLANG_WARN_INT_CONVERSION = YES;
				CLANG_WARN_OBJC_ROOT_CLASS = YES_ERROR;
				CLANG_WARN_UNREACHABLE_CODE = YES;
				CLANG_WARN__DUPLICATE_METHOD_MATCH = YES;
				CODE_SIGN_IDENTITY = "-";
				COPY_PHASE_STRIP = NO;
				DEBUG_INFORMATION_FORMAT = "dwarf-with-dsym";
				ENABLE_NS_ASSERTIONS = NO;
				ENABLE_STRICT_OBJC_MSGSEND = YES;
				GCC_C_LANGUAGE_STANDARD = gnu99;
				GCC_NO_COMMON_BLOCKS = YES;
				GCC_WARN_64_TO_32_BIT_CONVERSION = YES;
				GCC_WARN_ABOUT_RETURN_TYPE = YES_ERROR;
				GCC_WARN_UNDECLARED_SELECTOR = YES;
				GCC_WARN_UNINITIALIZED_AUTOS = YES_AGGRESSIVE;
				GCC_WARN_UNUSED_FUNCTION = YES;
				GCC_WARN_UNUSED_VARIABLE = YES;
				MACOSX_DEPLOYMENT_TARGET = 10.11;
				MTL_ENABLE_DEBUG_INFO = NO;
				SDKROOT = macosx;
			};
			name = Release;
		};
		EE6EEA341D679CDB00D80EF8 /* Debug */ = {
			isa = XCBuildConfiguration;
			buildSettings = {
				CLANG_CXX_LANGUAGE_STANDARD = "c++14";
				HEADER_SEARCH_PATHS = "/Programs/C++/boost_1_60_0";
				PRODUCT_NAME = "$(TARGET_NAME)";
			};
			name = Debug;
		};
		EE6EEA351D679CDB00D80EF8 /* Release */ = {
			isa = XCBuildConfiguration;
			buildSettings = {
				CLANG_CXX_LANGUAGE_STANDARD = "c++14";
				HEADER_SEARCH_PATHS = "/Programs/C++/boost_1_60_0";
				PRODUCT_NAME = "$(TARGET_NAME)";
			};
			name = Release;
		};
/* End XCBuildConfiguration section */

/* Begin XCConfigurationList section */
		EE6EEA271D679CDB00D80EF8 /* Build configuration list for PBXProject "TemplateMetaprogramming" */ = {
			isa = XCConfigurationList;
			buildConfigurations = (
				EE6EEA311D679CDB00D80EF8 /* Debug */,
				EE6EEA321D679CDB00D80EF8 /* Release */,
			);
			defaultConfigurationIsVisible = 0;
			defaultConfigurationName = Release;
		};
		EE6EEA331D679CDB00D80EF8 /* Build configuration list for PBXNativeTarget "TemplateMetaprogramming" */ = {
			isa = XCConfigurationList;
			buildConfigurations = (
				EE6EEA341D679CDB00D80EF8 /* Debug */,
				EE6EEA351D679CDB00D80EF8 /* Release */,
			);
			defaultConfigurationIsVisible = 0;
		};
/* End XCConfigurationList section */
	};
	rootObject = EE6EEA241D679CDB00D80EF8 /* Project object */;
}
