<?xml version="1.0" encoding="utf-8"?>
<Project ToolsVersion="4.0" xmlns="http://schemas.microsoft.com/developer/msbuild/2003">
  <ItemGroup>
    <Filter Include="Source Files">
      <UniqueIdentifier>{4FC737F1-C7A5-4376-A066-2A32D752A2FF}</UniqueIdentifier>
      <Extensions>cpp;c;cc;cxx;def;odl;idl;hpj;bat;asm;asmx</Extensions>
    </Filter>
    <Filter Include="Header Files">
      <UniqueIdentifier>{93995380-89BD-4b04-88EB-625FBE52EBFB}</UniqueIdentifier>
      <Extensions>h;hh;hpp;hxx;hm;inl;inc;xsd</Extensions>
    </Filter>
    <Filter Include="Resource Files">
      <UniqueIdentifier>{67DA6AB6-F800-4c08-8B7A-83BB121AAD01}</UniqueIdentifier>
      <Extensions>rc;ico;cur;bmp;dlg;rc2;rct;bin;rgs;gif;jpg;jpeg;jpe;resx;tiff;tif;png;wav;mfcribbon-ms</Extensions>
    </Filter>
    <Filter Include="C++Templates 2nd ed">
      <UniqueIdentifier>{95a1e6ea-cf94-41df-aa1b-a7f22527be00}</UniqueIdentifier>
    </Filter>
  </ItemGroup>
  <ItemGroup>
    <Text Include="ReadMe.txt" />
  </ItemGroup>
  <ItemGroup>
    <ClInclude Include="stdafx.h">
      <Filter>Header Files</Filter>
    </ClInclude>
    <ClInclude Include="targetver.h">
      <Filter>Header Files</Filter>
    </ClInclude>
    <ClInclude Include="Exercise 2_3.hpp">
      <Filter>Header Files</Filter>
    </ClInclude>
    <ClInclude Include="Exercise 2_3_JLBorges.hpp">
      <Filter>Header Files</Filter>
    </ClInclude>
    <ClInclude Include="exercise_3_1.hpp">
      <Filter>Header Files</Filter>
    </ClInclude>
    <ClInclude Include="Debug.h">
      <Filter>Header Files</Filter>
    </ClInclude>
    <ClInclude Include="AssociativeSequences.h">
      <Filter>Header Files</Filter>
    </ClInclude>
    <ClInclude Include="SequenceClasses.h">
      <Filter>Header Files</Filter>
    </ClInclude>
    <ClInclude Include="Chapter6.h">
      <Filter>Header Files</Filter>
    </ClInclude>
    <ClInclude Include="ExpressionTemplates_Ch_10.h">
      <Filter>Header Files</Filter>
    </ClInclude>
    <ClInclude Include="Exercises_4.hpp">
      <Filter>Header Files</Filter>
    </ClInclude>
    <ClInclude Include="MyFold.h">
      <Filter>Header Files</Filter>
    </ClInclude>
    <ClInclude Include="UtilsForMyFold.h">
      <Filter>Header Files</Filter>
    </ClInclude>
    <ClInclude Include="MyReversedFold.h">
      <Filter>Header Files</Filter>
    </ClInclude>
    <ClInclude Include="sqlpp11_mockdb.h">
      <Filter>Header Files</Filter>
    </ClInclude>
    <ClInclude Include="CRTP_0.h">
      <Filter>Header Files</Filter>
    </ClInclude>
    <ClInclude Include="IteratorFacade.hpp">
      <Filter>Header Files</Filter>
    </ClInclude>
    <ClInclude Include="ListNode.h">
      <Filter>Header Files</Filter>
    </ClInclude>
    <ClInclude Include="ListNodeIterator.h">
      <Filter>Header Files</Filter>
    </ClInclude>
    <ClInclude Include="iteratorfacadeaccess.h">
      <Filter>Header Files</Filter>
    </ClInclude>
    <ClInclude Include="IteratorFacadeByAccess.hpp">
      <Filter>Header Files</Filter>
    </ClInclude>
    <ClInclude Include="ProjectionIterator_CPPTempl.h">
      <Filter>Header Files</Filter>
    </ClInclude>
    <ClInclude Include="Person.h">
      <Filter>Header Files</Filter>
    </ClInclude>
    <ClInclude Include="NamedTemplateArgs_CPPTempl.h">
      <Filter>Header Files</Filter>
    </ClInclude>
    <ClInclude Include="IntToStr.h">
      <Filter>Header Files</Filter>
    </ClInclude>
    <ClInclude Include="IfThenElse.hpp">
      <Filter>Header Files</Filter>
    </ClInclude>
    <ClInclude Include="IsEmpty.hpp">
      <Filter>Header Files</Filter>
    </ClInclude>
    <ClInclude Include="Typelist.hpp">
      <Filter>Header Files</Filter>
    </ClInclude>
    <ClInclude Include="typelist\typelistFront.hpp">
      <Filter>Header Files</Filter>
    </ClInclude>
    <ClInclude Include="typelist\typelistPopFront.hpp">
      <Filter>Header Files</Filter>
    </ClInclude>
    <ClInclude Include="typelist\typelistPushFront.hpp">
      <Filter>Header Files</Filter>
    </ClInclude>
    <ClInclude Include="typelist\typelistNthElement.hpp">
      <Filter>Header Files</Filter>
    </ClInclude>
    <ClInclude Include="typelist\typelistLargestType.hpp">
      <Filter>Header Files</Filter>
    </ClInclude>
    <ClInclude Include="typelist\typelistGenericLargestType.hpp">
      <Filter>Header Files</Filter>
    </ClInclude>
    <ClInclude Include="typelist\typelistPushBack.hpp">
      <Filter>Header Files</Filter>
    </ClInclude>
    <ClInclude Include="typelist\typelistReverse.hpp">
      <Filter>Header Files</Filter>
    </ClInclude>
    <ClInclude Include="typelist\typelistPopBack.hpp">
      <Filter>Header Files</Filter>
    </ClInclude>
    <ClInclude Include="typelist\addconst.hpp">
      <Filter>Header Files</Filter>
    </ClInclude>
    <ClInclude Include="typelist\transform.hpp">
      <Filter>Header Files</Filter>
    </ClInclude>
    <ClInclude Include="typelist\accumulate.hpp">
      <Filter>Header Files</Filter>
    </ClInclude>
    <ClInclude Include="typelist\largesttypeaccum0.hpp">
      <Filter>Header Files</Filter>
    </ClInclude>
    <ClInclude Include="typelist\largesttypeacc.hpp">
      <Filter>Header Files</Filter>
    </ClInclude>
    <ClInclude Include="typelist\largerType.hpp">
      <Filter>Header Files</Filter>
    </ClInclude>
    <ClInclude Include="typelist\typelistRecPushBack.hpp">
      <Filter>Header Files</Filter>
    </ClInclude>
    <ClInclude Include="typelist\insertionsort.hpp">
      <Filter>Header Files</Filter>
    </ClInclude>
    <ClInclude Include="typelist\Identity.hpp">
      <Filter>Header Files</Filter>
    </ClInclude>
    <ClInclude Include="typelist\insertsorted.hpp">
      <Filter>Header Files</Filter>
    </ClInclude>
    <ClInclude Include="typelist\ctvalue.hpp">
      <Filter>Header Files</Filter>
    </ClInclude>
    <ClInclude Include="typelist\multiply.hpp">
      <Filter>Header Files</Filter>
    </ClInclude>
    <ClInclude Include="typelist\cttypelist.hpp">
      <Filter>Header Files</Filter>
    </ClInclude>
    <ClInclude Include="typelist\Valuelist.hpp">
      <Filter>Header Files</Filter>
    </ClInclude>
    <ClInclude Include="typelist\ctvalue17.hpp">
      <Filter>Header Files</Filter>
    </ClInclude>
    <ClInclude Include="Delegate.h">
      <Filter>Header Files</Filter>
    </ClInclude>
  </ItemGroup>
  <ItemGroup>
    <ClCompile Include="stdafx.cpp">
      <Filter>Source Files</Filter>
    </ClCompile>
    <ClCompile Include="Exercise 2_3.cpp">
      <Filter>Source Files</Filter>
    </ClCompile>
    <ClCompile Include="Exercise 2_3_JLBorges.cpp">
      <Filter>Source Files</Filter>
    </ClCompile>
    <ClCompile Include="exercise_3_1.cpp">
      <Filter>Source Files</Filter>
    </ClCompile>
    <ClCompile Include="main.cpp">
      <Filter>Source Files</Filter>
    </ClCompile>
    <ClCompile Include="DependentNames.cpp">
      <Filter>Source Files</Filter>
    </ClCompile>
    <ClCompile Include="AssociativeSequences.cpp">
      <Filter>Source Files</Filter>
    </ClCompile>
    <ClCompile Include="SequenceClasses.cpp">
      <Filter>Source Files</Filter>
    </ClCompile>
    <ClCompile Include="Chapter6.cpp">
      <Filter>Source Files</Filter>
    </ClCompile>
    <ClCompile Include="ExpressionTemplates_Ch_10.cpp">
      <Filter>Source Files</Filter>
    </ClCompile>
    <ClCompile Include="RatioSequenceBug.cpp">
      <Filter>Source Files</Filter>
    </ClCompile>
    <ClCompile Include="Exercises_4.cpp">
      <Filter>Source Files</Filter>
    </ClCompile>
    <ClCompile Include="Chapter_2.cpp">
      <Filter>Source Files</Filter>
    </ClCompile>
    <ClCompile Include="PPP_Chapter_19.cpp">
      <Filter>Source Files</Filter>
    </ClCompile>
    <ClCompile Include="TestModules.cpp">
      <Filter>Source Files</Filter>
    </ClCompile>
    <ClCompile Include="void_t.cpp">
      <Filter>Source Files</Filter>
    </ClCompile>
    <ClCompile Include="MyLamda.cpp">
      <Filter>Source Files</Filter>
    </ClCompile>
    <ClCompile Include="DetectionIdiom.cpp">
      <Filter>Source Files</Filter>
    </ClCompile>
    <ClCompile Include="Enable_if.cpp">
      <Filter>Source Files</Filter>
    </ClCompile>
    <ClCompile Include="non-type parameters.cpp">
      <Filter>C++Templates 2nd ed</Filter>
    </ClCompile>
    <ClCompile Include="ADL.cpp">
      <Filter>Source Files</Filter>
    </ClCompile>
    <ClCompile Include="ParsingTemplates.cpp">
      <Filter>Source Files</Filter>
    </ClCompile>
    <ClCompile Include="LiteralOperators_CPPTemplates.cpp">
      <Filter>Source Files</Filter>
    </ClCompile>
    <ClCompile Include="Sqlpp11_fragments.cpp">
      <Filter>Source Files</Filter>
    </ClCompile>
    <ClCompile Include="MPLAlgorithms.cpp">
      <Filter>Source Files</Filter>
    </ClCompile>
    <ClCompile Include="MPLFold.cpp">
      <Filter>Source Files</Filter>
    </ClCompile>
    <ClCompile Include="MyFold.cpp">
      <Filter>Source Files</Filter>
    </ClCompile>
    <ClCompile Include="MyReverseFold.cpp">
      <Filter>Source Files</Filter>
    </ClCompile>
    <ClCompile Include="Sqlpp_logic.cpp">
      <Filter>Source Files</Filter>
    </ClCompile>
    <ClCompile Include="sqlpp11_statement_t.cpp">
      <Filter>Source Files</Filter>
    </ClCompile>
    <ClCompile Include="sqlpp11_mockdb.cpp">
      <Filter>Source Files</Filter>
    </ClCompile>
    <ClCompile Include="CRTP_0.cpp">
      <Filter>Source Files</Filter>
    </ClCompile>
    <ClCompile Include="ListNodeIterator.cpp">
      <Filter>Source Files</Filter>
    </ClCompile>
    <ClCompile Include="ProjectionIterator_CPPTempl.cpp">
      <Filter>Source Files</Filter>
    </ClCompile>
    <ClCompile Include="NamedTemplateArgs_CPPTempl.cpp">
      <Filter>Source Files</Filter>
    </ClCompile>
    <ClCompile Include="EBCO_CPPTempl.cpp">
      <Filter>Source Files</Filter>
    </ClCompile>
    <ClCompile Include="IsEqualityComparable_CPPTempl.cpp">
      <Filter>Source Files</Filter>
    </ClCompile>
    <ClCompile Include="AliasTemplates_CPPTemp.cpp">
      <Filter>Source Files</Filter>
    </ClCompile>
    <ClCompile Include="PassByValue_decay_CPPTemp.cpp">
      <Filter>Source Files</Filter>
    </ClCompile>
    <ClCompile Include="declval.cpp">
      <Filter>Source Files</Filter>
    </ClCompile>
    <ClCompile Include="foldingCPP17STL.cpp">
      <Filter>Source Files</Filter>
    </ClCompile>
    <ClCompile Include="TraitsCPPTempl.cpp">
      <Filter>Source Files</Filter>
    </ClCompile>
    <ClCompile Include="TypeClassificationCPPTemp.cpp">
      <Filter>Source Files</Filter>
    </ClCompile>
    <ClCompile Include="InstantiationSafeTemplatesCPPTemp.cpp">
      <Filter>Source Files</Filter>
    </ClCompile>
    <ClCompile Include="CPP17_Compliance.cpp">
      <Filter>Source Files</Filter>
    </ClCompile>
    <ClCompile Include="Meta_ErwinUnruh.cpp">
      <Filter>Source Files</Filter>
    </ClCompile>
    <ClCompile Include="TypePrinting_8_3_3.cpp">
      <Filter>Source Files</Filter>
    </ClCompile>
    <ClCompile Include="CPP17STLCookbook.cpp">
      <Filter>Source Files</Filter>
    </ClCompile>
    <ClCompile Include="RuntimeVersions.cpp">
      <Filter>Source Files</Filter>
    </ClCompile>
    <ClCompile Include="integer_sequence.cpp">
      <Filter>Source Files</Filter>
    </ClCompile>
    <ClCompile Include="Conformance.cpp">
      <Filter>Source Files</Filter>
    </ClCompile>
    <ClCompile Include="ImplementingLambdas.cpp">
      <Filter>Source Files</Filter>
    </ClCompile>
    <ClCompile Include="equivalent_interfaces.cpp">
      <Filter>Source Files</Filter>
    </ClCompile>
    <ClCompile Include="TypelistsCPPTemplates2ndEd.cpp">
      <Filter>Source Files</Filter>
    </ClCompile>
    <ClCompile Include="typelist\TypelistTester.cpp">
      <Filter>Source Files</Filter>
    </ClCompile>
    <ClCompile Include="TypelistsCPPTemplates2ndEd-2.cpp">
      <Filter>Source Files</Filter>
    </ClCompile>
    <ClCompile Include="Delegate.cpp">
      <Filter>Source Files</Filter>
    </ClCompile>
  </ItemGroup>
</Project>