
Microsoft Visual Studio Solution File, Format Version 12.00
# Visual Studio Version 17
VisualStudioVersion = 17.0.31606.5
MinimumVisualStudioVersion = 10.0.40219.1
Project("{8BC9CEB8-8B4A-11D0-8D11-00A0C91BC942}") = "TemplateMetaprogramming", "TemplateMetaprogramming.vcxproj", "{46EE2B83-9C3B-44BA-B448-51530222D2F3}"
EndProject
Project("{8BC9CEB8-8B4A-11D0-8D11-00A0C91BC942}") = "C++ Symbol Demangler", "..\C++ Symbol Demangler\C++ Symbol Demangler.vcxproj", "{FAC772AD-A7D4-488F-99D1-3245CD9D6A52}"
EndProject
Project("{8BC9CEB8-8B4A-11D0-8D11-00A0C91BC942}") = "C++ Course Code", "..\C++ Course Code\C++ Course Code.vcxproj", "{77FEF956-3EF6-4499-A840-97263B4F5F8F}"
EndProject
Project("{8BC9CEB8-8B4A-11D0-8D11-00A0C91BC942}") = "MFCApplication2022", "..\MFCApplication2022\MFCApplication2022.vcxproj", "{84BFD0D5-DE72-409D-809A-25C67EB152F5}"
EndProject
Project("{8BC9CEB8-8B4A-11D0-8D11-00A0C91BC942}") = "CoreAppWinRT", "..\CoreAppWinRT\CoreAppWinRT.vcxproj", "{AFF5F691-1710-42EF-86A2-DD13432CB967}"
EndProject
Project("{8BC9CEB8-8B4A-11D0-8D11-00A0C91BC942}") = "SqliteEncrypted", "..\SqliteEncrypted\SqliteEncrypted.vcxproj", "{E5386635-2344-4ED2-A23C-3C6CF83A17CC}"
EndProject
Project("{8BC9CEB8-8B4A-11D0-8D11-00A0C91BC942}") = "Sqleet", "..\Sqleet\Sqleet.vcxproj", "{25014741-D703-412D-A174-F0D3DF6FA3C3}"
EndProject
Project("{8BC9CEB8-8B4A-11D0-8D11-00A0C91BC942}") = "constexpr", "..\constexpr\constexpr.vcxproj", "{650EF4F6-6957-471B-B5DB-55480CDE38D9}"
EndProject
Global
	GlobalSection(SolutionConfigurationPlatforms) = preSolution
		Debug|Any CPU = Debug|Any CPU
		Debug|ARM = Debug|ARM
		Debug|ARM64 = Debug|ARM64
		Debug|x64 = Debug|x64
		Debug|x86 = Debug|x86
		Release|Any CPU = Release|Any CPU
		Release|ARM = Release|ARM
		Release|ARM64 = Release|ARM64
		Release|x64 = Release|x64
		Release|x86 = Release|x86
	EndGlobalSection
	GlobalSection(ProjectConfigurationPlatforms) = postSolution
		{46EE2B83-9C3B-44BA-B448-51530222D2F3}.Debug|Any CPU.ActiveCfg = Debug|Win32
		{46EE2B83-9C3B-44BA-B448-51530222D2F3}.Debug|ARM.ActiveCfg = Debug|Win32
		{46EE2B83-9C3B-44BA-B448-51530222D2F3}.Debug|ARM64.ActiveCfg = Debug|Win32
		{46EE2B83-9C3B-44BA-B448-51530222D2F3}.Debug|x64.ActiveCfg = Debug|x64
		{46EE2B83-9C3B-44BA-B448-51530222D2F3}.Debug|x64.Build.0 = Debug|x64
		{46EE2B83-9C3B-44BA-B448-51530222D2F3}.Debug|x86.ActiveCfg = Debug|Win32
		{46EE2B83-9C3B-44BA-B448-51530222D2F3}.Debug|x86.Build.0 = Debug|Win32
		{46EE2B83-9C3B-44BA-B448-51530222D2F3}.Release|Any CPU.ActiveCfg = Release|Win32
		{46EE2B83-9C3B-44BA-B448-51530222D2F3}.Release|ARM.ActiveCfg = Release|Win32
		{46EE2B83-9C3B-44BA-B448-51530222D2F3}.Release|ARM64.ActiveCfg = Release|Win32
		{46EE2B83-9C3B-44BA-B448-51530222D2F3}.Release|x64.ActiveCfg = Release|x64
		{46EE2B83-9C3B-44BA-B448-51530222D2F3}.Release|x64.Build.0 = Release|x64
		{46EE2B83-9C3B-44BA-B448-51530222D2F3}.Release|x86.ActiveCfg = Release|Win32
		{46EE2B83-9C3B-44BA-B448-51530222D2F3}.Release|x86.Build.0 = Release|Win32
		{FAC772AD-A7D4-488F-99D1-3245CD9D6A52}.Debug|Any CPU.ActiveCfg = Debug|Win32
		{FAC772AD-A7D4-488F-99D1-3245CD9D6A52}.Debug|ARM.ActiveCfg = Debug|Win32
		{FAC772AD-A7D4-488F-99D1-3245CD9D6A52}.Debug|ARM64.ActiveCfg = Debug|Win32
		{FAC772AD-A7D4-488F-99D1-3245CD9D6A52}.Debug|x64.ActiveCfg = Debug|x64
		{FAC772AD-A7D4-488F-99D1-3245CD9D6A52}.Debug|x64.Build.0 = Debug|x64
		{FAC772AD-A7D4-488F-99D1-3245CD9D6A52}.Debug|x86.ActiveCfg = Debug|Win32
		{FAC772AD-A7D4-488F-99D1-3245CD9D6A52}.Debug|x86.Build.0 = Debug|Win32
		{FAC772AD-A7D4-488F-99D1-3245CD9D6A52}.Release|Any CPU.ActiveCfg = Release|Win32
		{FAC772AD-A7D4-488F-99D1-3245CD9D6A52}.Release|ARM.ActiveCfg = Release|Win32
		{FAC772AD-A7D4-488F-99D1-3245CD9D6A52}.Release|ARM64.ActiveCfg = Release|Win32
		{FAC772AD-A7D4-488F-99D1-3245CD9D6A52}.Release|x64.ActiveCfg = Release|x64
		{FAC772AD-A7D4-488F-99D1-3245CD9D6A52}.Release|x64.Build.0 = Release|x64
		{FAC772AD-A7D4-488F-99D1-3245CD9D6A52}.Release|x86.ActiveCfg = Release|Win32
		{FAC772AD-A7D4-488F-99D1-3245CD9D6A52}.Release|x86.Build.0 = Release|Win32
		{77FEF956-3EF6-4499-A840-97263B4F5F8F}.Debug|Any CPU.ActiveCfg = Debug|Win32
		{77FEF956-3EF6-4499-A840-97263B4F5F8F}.Debug|ARM.ActiveCfg = Debug|Win32
		{77FEF956-3EF6-4499-A840-97263B4F5F8F}.Debug|ARM64.ActiveCfg = Debug|Win32
		{77FEF956-3EF6-4499-A840-97263B4F5F8F}.Debug|x64.ActiveCfg = Debug|x64
		{77FEF956-3EF6-4499-A840-97263B4F5F8F}.Debug|x64.Build.0 = Debug|x64
		{77FEF956-3EF6-4499-A840-97263B4F5F8F}.Debug|x86.ActiveCfg = Debug|Win32
		{77FEF956-3EF6-4499-A840-97263B4F5F8F}.Debug|x86.Build.0 = Debug|Win32
		{77FEF956-3EF6-4499-A840-97263B4F5F8F}.Release|Any CPU.ActiveCfg = Release|Win32
		{77FEF956-3EF6-4499-A840-97263B4F5F8F}.Release|ARM.ActiveCfg = Release|Win32
		{77FEF956-3EF6-4499-A840-97263B4F5F8F}.Release|ARM64.ActiveCfg = Release|Win32
		{77FEF956-3EF6-4499-A840-97263B4F5F8F}.Release|x64.ActiveCfg = Release|x64
		{77FEF956-3EF6-4499-A840-97263B4F5F8F}.Release|x64.Build.0 = Release|x64
		{77FEF956-3EF6-4499-A840-97263B4F5F8F}.Release|x86.ActiveCfg = Release|Win32
		{77FEF956-3EF6-4499-A840-97263B4F5F8F}.Release|x86.Build.0 = Release|Win32
		{84BFD0D5-DE72-409D-809A-25C67EB152F5}.Debug|Any CPU.ActiveCfg = Debug|Win32
		{84BFD0D5-DE72-409D-809A-25C67EB152F5}.Debug|ARM.ActiveCfg = Debug|Win32
		{84BFD0D5-DE72-409D-809A-25C67EB152F5}.Debug|ARM64.ActiveCfg = Debug|Win32
		{84BFD0D5-DE72-409D-809A-25C67EB152F5}.Debug|x64.ActiveCfg = Debug|x64
		{84BFD0D5-DE72-409D-809A-25C67EB152F5}.Debug|x64.Build.0 = Debug|x64
		{84BFD0D5-DE72-409D-809A-25C67EB152F5}.Debug|x86.ActiveCfg = Debug|Win32
		{84BFD0D5-DE72-409D-809A-25C67EB152F5}.Debug|x86.Build.0 = Debug|Win32
		{84BFD0D5-DE72-409D-809A-25C67EB152F5}.Release|Any CPU.ActiveCfg = Release|Win32
		{84BFD0D5-DE72-409D-809A-25C67EB152F5}.Release|ARM.ActiveCfg = Release|Win32
		{84BFD0D5-DE72-409D-809A-25C67EB152F5}.Release|ARM64.ActiveCfg = Release|Win32
		{84BFD0D5-DE72-409D-809A-25C67EB152F5}.Release|x64.ActiveCfg = Release|x64
		{84BFD0D5-DE72-409D-809A-25C67EB152F5}.Release|x64.Build.0 = Release|x64
		{84BFD0D5-DE72-409D-809A-25C67EB152F5}.Release|x86.ActiveCfg = Release|Win32
		{84BFD0D5-DE72-409D-809A-25C67EB152F5}.Release|x86.Build.0 = Release|Win32
		{AFF5F691-1710-42EF-86A2-DD13432CB967}.Debug|Any CPU.ActiveCfg = Debug|Win32
		{AFF5F691-1710-42EF-86A2-DD13432CB967}.Debug|ARM.ActiveCfg = Debug|ARM
		{AFF5F691-1710-42EF-86A2-DD13432CB967}.Debug|ARM.Build.0 = Debug|ARM
		{AFF5F691-1710-42EF-86A2-DD13432CB967}.Debug|ARM.Deploy.0 = Debug|ARM
		{AFF5F691-1710-42EF-86A2-DD13432CB967}.Debug|ARM64.ActiveCfg = Debug|ARM64
		{AFF5F691-1710-42EF-86A2-DD13432CB967}.Debug|ARM64.Build.0 = Debug|ARM64
		{AFF5F691-1710-42EF-86A2-DD13432CB967}.Debug|ARM64.Deploy.0 = Debug|ARM64
		{AFF5F691-1710-42EF-86A2-DD13432CB967}.Debug|x64.ActiveCfg = Debug|x64
		{AFF5F691-1710-42EF-86A2-DD13432CB967}.Debug|x64.Build.0 = Debug|x64
		{AFF5F691-1710-42EF-86A2-DD13432CB967}.Debug|x64.Deploy.0 = Debug|x64
		{AFF5F691-1710-42EF-86A2-DD13432CB967}.Debug|x86.ActiveCfg = Debug|Win32
		{AFF5F691-1710-42EF-86A2-DD13432CB967}.Debug|x86.Build.0 = Debug|Win32
		{AFF5F691-1710-42EF-86A2-DD13432CB967}.Debug|x86.Deploy.0 = Debug|Win32
		{AFF5F691-1710-42EF-86A2-DD13432CB967}.Release|Any CPU.ActiveCfg = Release|Win32
		{AFF5F691-1710-42EF-86A2-DD13432CB967}.Release|ARM.ActiveCfg = Release|ARM
		{AFF5F691-1710-42EF-86A2-DD13432CB967}.Release|ARM.Build.0 = Release|ARM
		{AFF5F691-1710-42EF-86A2-DD13432CB967}.Release|ARM.Deploy.0 = Release|ARM
		{AFF5F691-1710-42EF-86A2-DD13432CB967}.Release|ARM64.ActiveCfg = Release|ARM64
		{AFF5F691-1710-42EF-86A2-DD13432CB967}.Release|ARM64.Build.0 = Release|ARM64
		{AFF5F691-1710-42EF-86A2-DD13432CB967}.Release|ARM64.Deploy.0 = Release|ARM64
		{AFF5F691-1710-42EF-86A2-DD13432CB967}.Release|x64.ActiveCfg = Release|x64
		{AFF5F691-1710-42EF-86A2-DD13432CB967}.Release|x64.Build.0 = Release|x64
		{AFF5F691-1710-42EF-86A2-DD13432CB967}.Release|x64.Deploy.0 = Release|x64
		{AFF5F691-1710-42EF-86A2-DD13432CB967}.Release|x86.ActiveCfg = Release|Win32
		{AFF5F691-1710-42EF-86A2-DD13432CB967}.Release|x86.Build.0 = Release|Win32
		{AFF5F691-1710-42EF-86A2-DD13432CB967}.Release|x86.Deploy.0 = Release|Win32
		{E5386635-2344-4ED2-A23C-3C6CF83A17CC}.Debug|Any CPU.ActiveCfg = Debug|x64
		{E5386635-2344-4ED2-A23C-3C6CF83A17CC}.Debug|Any CPU.Build.0 = Debug|x64
		{E5386635-2344-4ED2-A23C-3C6CF83A17CC}.Debug|ARM.ActiveCfg = Debug|x64
		{E5386635-2344-4ED2-A23C-3C6CF83A17CC}.Debug|ARM.Build.0 = Debug|x64
		{E5386635-2344-4ED2-A23C-3C6CF83A17CC}.Debug|ARM64.ActiveCfg = Debug|x64
		{E5386635-2344-4ED2-A23C-3C6CF83A17CC}.Debug|ARM64.Build.0 = Debug|x64
		{E5386635-2344-4ED2-A23C-3C6CF83A17CC}.Debug|x64.ActiveCfg = Debug|x64
		{E5386635-2344-4ED2-A23C-3C6CF83A17CC}.Debug|x64.Build.0 = Debug|x64
		{E5386635-2344-4ED2-A23C-3C6CF83A17CC}.Debug|x86.ActiveCfg = Debug|Win32
		{E5386635-2344-4ED2-A23C-3C6CF83A17CC}.Debug|x86.Build.0 = Debug|Win32
		{E5386635-2344-4ED2-A23C-3C6CF83A17CC}.Release|Any CPU.ActiveCfg = Release|x64
		{E5386635-2344-4ED2-A23C-3C6CF83A17CC}.Release|Any CPU.Build.0 = Release|x64
		{E5386635-2344-4ED2-A23C-3C6CF83A17CC}.Release|ARM.ActiveCfg = Release|x64
		{E5386635-2344-4ED2-A23C-3C6CF83A17CC}.Release|ARM.Build.0 = Release|x64
		{E5386635-2344-4ED2-A23C-3C6CF83A17CC}.Release|ARM64.ActiveCfg = Release|x64
		{E5386635-2344-4ED2-A23C-3C6CF83A17CC}.Release|ARM64.Build.0 = Release|x64
		{E5386635-2344-4ED2-A23C-3C6CF83A17CC}.Release|x64.ActiveCfg = Release|x64
		{E5386635-2344-4ED2-A23C-3C6CF83A17CC}.Release|x64.Build.0 = Release|x64
		{E5386635-2344-4ED2-A23C-3C6CF83A17CC}.Release|x86.ActiveCfg = Release|Win32
		{E5386635-2344-4ED2-A23C-3C6CF83A17CC}.Release|x86.Build.0 = Release|Win32
		{25014741-D703-412D-A174-F0D3DF6FA3C3}.Debug|Any CPU.ActiveCfg = Debug|x64
		{25014741-D703-412D-A174-F0D3DF6FA3C3}.Debug|Any CPU.Build.0 = Debug|x64
		{25014741-D703-412D-A174-F0D3DF6FA3C3}.Debug|ARM.ActiveCfg = Debug|x64
		{25014741-D703-412D-A174-F0D3DF6FA3C3}.Debug|ARM.Build.0 = Debug|x64
		{25014741-D703-412D-A174-F0D3DF6FA3C3}.Debug|ARM64.ActiveCfg = Debug|x64
		{25014741-D703-412D-A174-F0D3DF6FA3C3}.Debug|ARM64.Build.0 = Debug|x64
		{25014741-D703-412D-A174-F0D3DF6FA3C3}.Debug|x64.ActiveCfg = Debug|x64
		{25014741-D703-412D-A174-F0D3DF6FA3C3}.Debug|x64.Build.0 = Debug|x64
		{25014741-D703-412D-A174-F0D3DF6FA3C3}.Debug|x86.ActiveCfg = Debug|Win32
		{25014741-D703-412D-A174-F0D3DF6FA3C3}.Debug|x86.Build.0 = Debug|Win32
		{25014741-D703-412D-A174-F0D3DF6FA3C3}.Release|Any CPU.ActiveCfg = Release|x64
		{25014741-D703-412D-A174-F0D3DF6FA3C3}.Release|Any CPU.Build.0 = Release|x64
		{25014741-D703-412D-A174-F0D3DF6FA3C3}.Release|ARM.ActiveCfg = Release|x64
		{25014741-D703-412D-A174-F0D3DF6FA3C3}.Release|ARM.Build.0 = Release|x64
		{25014741-D703-412D-A174-F0D3DF6FA3C3}.Release|ARM64.ActiveCfg = Release|x64
		{25014741-D703-412D-A174-F0D3DF6FA3C3}.Release|ARM64.Build.0 = Release|x64
		{25014741-D703-412D-A174-F0D3DF6FA3C3}.Release|x64.ActiveCfg = Release|x64
		{25014741-D703-412D-A174-F0D3DF6FA3C3}.Release|x64.Build.0 = Release|x64
		{25014741-D703-412D-A174-F0D3DF6FA3C3}.Release|x86.ActiveCfg = Release|Win32
		{25014741-D703-412D-A174-F0D3DF6FA3C3}.Release|x86.Build.0 = Release|Win32
		{650EF4F6-6957-471B-B5DB-55480CDE38D9}.Debug|Any CPU.ActiveCfg = Debug|x64
		{650EF4F6-6957-471B-B5DB-55480CDE38D9}.Debug|Any CPU.Build.0 = Debug|x64
		{650EF4F6-6957-471B-B5DB-55480CDE38D9}.Debug|ARM.ActiveCfg = Debug|x64
		{650EF4F6-6957-471B-B5DB-55480CDE38D9}.Debug|ARM.Build.0 = Debug|x64
		{650EF4F6-6957-471B-B5DB-55480CDE38D9}.Debug|ARM64.ActiveCfg = Debug|x64
		{650EF4F6-6957-471B-B5DB-55480CDE38D9}.Debug|ARM64.Build.0 = Debug|x64
		{650EF4F6-6957-471B-B5DB-55480CDE38D9}.Debug|x64.ActiveCfg = Debug|x64
		{650EF4F6-6957-471B-B5DB-55480CDE38D9}.Debug|x64.Build.0 = Debug|x64
		{650EF4F6-6957-471B-B5DB-55480CDE38D9}.Debug|x86.ActiveCfg = Debug|Win32
		{650EF4F6-6957-471B-B5DB-55480CDE38D9}.Debug|x86.Build.0 = Debug|Win32
		{650EF4F6-6957-471B-B5DB-55480CDE38D9}.Release|Any CPU.ActiveCfg = Release|x64
		{650EF4F6-6957-471B-B5DB-55480CDE38D9}.Release|Any CPU.Build.0 = Release|x64
		{650EF4F6-6957-471B-B5DB-55480CDE38D9}.Release|ARM.ActiveCfg = Release|x64
		{650EF4F6-6957-471B-B5DB-55480CDE38D9}.Release|ARM.Build.0 = Release|x64
		{650EF4F6-6957-471B-B5DB-55480CDE38D9}.Release|ARM64.ActiveCfg = Release|x64
		{650EF4F6-6957-471B-B5DB-55480CDE38D9}.Release|ARM64.Build.0 = Release|x64
		{650EF4F6-6957-471B-B5DB-55480CDE38D9}.Release|x64.ActiveCfg = Release|x64
		{650EF4F6-6957-471B-B5DB-55480CDE38D9}.Release|x64.Build.0 = Release|x64
		{650EF4F6-6957-471B-B5DB-55480CDE38D9}.Release|x86.ActiveCfg = Release|Win32
		{650EF4F6-6957-471B-B5DB-55480CDE38D9}.Release|x86.Build.0 = Release|Win32
	EndGlobalSection
	GlobalSection(SolutionProperties) = preSolution
		HideSolutionNode = FALSE
	EndGlobalSection
	GlobalSection(ExtensibilityGlobals) = postSolution
		SolutionGuid = {A7487308-352D-49CC-A965-5F9D7BB23782}
	EndGlobalSection
EndGlobal
